# This file is automatically @generated by Cargo.
# It is not intended for manual editing.
version = 4

[[package]]
name = "camelot-merlin"
version = "0.1.0"
dependencies = [
 "sentry-uapi",
]

[[package]]
name = "sentry-uapi"
version = "0.4.8"
source = "registry+https://github.com/rust-lang/crates.io-index"
checksum = "009c61e167c6ea8a82b1b441a57c139387229a9e9c08291f9fda75f7046f81b7"
